
Microsoft Visual Studio Solution File, Format Version 12.00
# Visual Studio Version 17
VisualStudioVersion = 17.5.33530.505
MinimumVisualStudioVersion = 10.0.40219.1
Project("{FAE04EC0-301F-11D3-BF4B-00C04F79EFBC}") = "OOP_Game15", "OOP_Game15\OOP_Game15.csproj", "{FC0A75ED-01B6-4746-99FF-D170BC308988}"
EndProject
Global
	GlobalSection(SolutionConfigurationPlatforms) = preSolution
		Debug|Any CPU = Debug|Any CPU
		Release|Any CPU = Release|Any CPU
	EndGlobalSection
	GlobalSection(ProjectConfigurationPlatforms) = postSolution
		{FC0A75ED-01B6-4746-99FF-D170BC308988}.Debug|Any CPU.ActiveCfg = Debug|Any CPU
		{FC0A75ED-01B6-4746-99FF-D170BC308988}.Debug|Any CPU.Build.0 = Debug|Any CPU
		{FC0A75ED-01B6-4746-99FF-D170BC308988}.Release|Any CPU.ActiveCfg = Release|Any CPU
		{FC0A75ED-01B6-4746-99FF-D170BC308988}.Release|Any CPU.Build.0 = Release|Any CPU
	EndGlobalSection
	GlobalSection(SolutionProperties) = preSolution
		HideSolutionNode = FALSE
	EndGlobalSection
	GlobalSection(ExtensibilityGlobals) = postSolution
		SolutionGuid = {14490F94-18DF-40AE-A6DE-7AEBAA634224}
	EndGlobalSection
EndGlobal
